// !$*UTF8*$!
{ archiveVersion = 1; classes = {}; objectVersion = 56; objects = {
7D8CFA98D8D3943FEE0BEE98 = { isa = PBXFileReference; lastKnownFileType = sourcecode.swift; path = HoopJournal/API.swift; sourceTree = "<group>"; };
B157E3F27CD43C2ADA181EC6 = { isa = PBXBuildFile; fileRef = 7D8CFA98D8D3943FEE0BEE98; };
739883A9F01538A4AD219EBC = { isa = PBXFileReference; lastKnownFileType = sourcecode.swift; path = HoopJournal/HomeView.swift; sourceTree = "<group>"; };
4DEACAC6BF097FC52E6BEB2B = { isa = PBXBuildFile; fileRef = 739883A9F01538A4AD219EBC; };
1A8B890E35CF009548B28AA9 = { isa = PBXFileReference; lastKnownFileType = sourcecode.swift; path = HoopJournal/HoopJournalApp.swift; sourceTree = "<group>"; };
9AF362519E2ED827F201A938 = { isa = PBXBuildFile; fileRef = 1A8B890E35CF009548B28AA9; };
1CC326AC7BD7880DDEECA3A9 = { isa = PBXFileReference; lastKnownFileType = sourcecode.swift; path = HoopJournal/Models.swift; sourceTree = "<group>"; };
A5F9C5C3CDFB7C2BBC0AA970 = { isa = PBXBuildFile; fileRef = 1CC326AC7BD7880DDEECA3A9; };
37888E59E11519B913E50E71 = { isa = PBXFileReference; lastKnownFileType = sourcecode.swift; path = HoopJournal/TrainingView.swift; sourceTree = "<group>"; };
70856DDA6381AC4883CE4227 = { isa = PBXBuildFile; fileRef = 37888E59E11519B913E50E71; };
A172CEDCAE47474B615C54D5 = { isa = PBXFileReference; explicitFileType = wrapper.application; path = HoopJournal.app; sourceTree = BUILT_PRODUCTS_DIR; };
0A3E27B8CA818264D75C8D81 = { isa = PBXGroup; children = (A172CEDCAE47474B615C54D5,); name = Products; sourceTree = "<group>"; };
AD936FCBED631FA67E05C3EA = { isa = PBXGroup; children = (7D8CFA98D8D3943FEE0BEE98,739883A9F01538A4AD219EBC,1A8B890E35CF009548B28AA9,1CC326AC7BD7880DDEECA3A9,37888E59E11519B913E50E71,0A3E27B8CA818264D75C8D81,); sourceTree = "<group>"; };
878A52FC5FF6A57D50B7B870 = { isa = PBXSourcesBuildPhase; buildActionMask = 2147483647; files = (B157E3F27CD43C2ADA181EC6,4DEACAC6BF097FC52E6BEB2B,9AF362519E2ED827F201A938,A5F9C5C3CDFB7C2BBC0AA970,70856DDA6381AC4883CE4227,); runOnlyForDeploymentPostprocessing = 0; };
E2AA269EB967A8853A258BFA = { isa = PBXFrameworksBuildPhase; buildActionMask = 2147483647; files = (); runOnlyForDeploymentPostprocessing = 0; };
41D311A605520FC7B8B9A980 = { isa = PBXResourcesBuildPhase; buildActionMask = 2147483647; files = (); runOnlyForDeploymentPostprocessing = 0; };
1A03BD2FD107C453F3183E30 = { isa = XCBuildConfiguration; name = Debug; buildSettings = { PRODUCT_NAME = "$(TARGET_NAME)"; PRODUCT_BUNDLE_IDENTIFIER = com.cloud77luke.hoopjournal; SWIFT_VERSION = 5.0; IPHONEOS_DEPLOYMENT_TARGET = 18.0; TARGETED_DEVICE_FAMILY = 1; SDKROOT = iphoneos; SUPPORTED_PLATFORMS = "iphoneos iphonesimulator"; GENERATE_INFOPLIST_FILE = YES; CODE_SIGN_STYLE = Automatic; INFOPLIST_KEY_CFBundleDisplayName = "Coach B"; INFOPLIST_KEY_UILaunchScreen_Generation = YES; INFOPLIST_KEY_UIApplicationSceneManifest_Generation = YES; INFOPLIST_KEY_UISupportedInterfaceOrientations = UIInterfaceOrientationPortrait; INFOPLIST_KEY_NSPhotoLibraryAddUsageDescription = "将你的训练集锦保存到相册，方便分享。"; MARKETING_VERSION = 0.1.0; CURRENT_PROJECT_VERSION = 1; ENABLE_USER_SCRIPT_SANDBOXING = YES; SWIFT_OPTIMIZATION_LEVEL = "-Onone"; SWIFT_ACTIVE_COMPILATION_CONDITIONS = DEBUG; INFOPLIST_KEY_NSAppTransportSecurity_NSAllowsLocalNetworking = YES; }; };
E020E3C67BD0C31227720BD8 = { isa = XCBuildConfiguration; name = Release; buildSettings = { PRODUCT_NAME = "$(TARGET_NAME)"; PRODUCT_BUNDLE_IDENTIFIER = com.cloud77luke.hoopjournal; SWIFT_VERSION = 5.0; IPHONEOS_DEPLOYMENT_TARGET = 18.0; TARGETED_DEVICE_FAMILY = 1; SDKROOT = iphoneos; SUPPORTED_PLATFORMS = "iphoneos iphonesimulator"; GENERATE_INFOPLIST_FILE = YES; CODE_SIGN_STYLE = Automatic; INFOPLIST_KEY_CFBundleDisplayName = "Coach B"; INFOPLIST_KEY_UILaunchScreen_Generation = YES; INFOPLIST_KEY_UIApplicationSceneManifest_Generation = YES; INFOPLIST_KEY_UISupportedInterfaceOrientations = UIInterfaceOrientationPortrait; INFOPLIST_KEY_NSPhotoLibraryAddUsageDescription = "将你的训练集锦保存到相册，方便分享。"; MARKETING_VERSION = 0.1.0; CURRENT_PROJECT_VERSION = 1; ENABLE_USER_SCRIPT_SANDBOXING = YES; SWIFT_OPTIMIZATION_LEVEL = "-O"; }; };
86D70A8B0431CAF3048DAB39 = { isa = XCConfigurationList; buildConfigurations = (1A03BD2FD107C453F3183E30,E020E3C67BD0C31227720BD8,); defaultConfigurationIsVisible = 0; defaultConfigurationName = Release; };
34A04005BCAF206EEC990BD9 = { isa = PBXNativeTarget; buildConfigurationList = 86D70A8B0431CAF3048DAB39; buildPhases = (878A52FC5FF6A57D50B7B870,E2AA269EB967A8853A258BFA,41D311A605520FC7B8B9A980,); buildRules = (); dependencies = (); name = HoopJournal; productName = HoopJournal; productReference = A172CEDCAE47474B615C54D5; productType = "com.apple.product-type.application"; };
73EBF6644258C120893E685D = { isa = XCBuildConfiguration; name = Debug; buildSettings = { CLANG_ENABLE_MODULES = YES; }; };
0B0C687DF8B6B8DC790B519C = { isa = XCBuildConfiguration; name = Release; buildSettings = { CLANG_ENABLE_MODULES = YES; }; };
A964DD4136F390AFDF0E5FBA = { isa = XCConfigurationList; buildConfigurations = (73EBF6644258C120893E685D,0B0C687DF8B6B8DC790B519C,); defaultConfigurationIsVisible = 0; defaultConfigurationName = Release; };
244210E48437B6556980A702 = { isa = PBXProject; attributes = { LastUpgradeCheck = 2700; }; buildConfigurationList = A964DD4136F390AFDF0E5FBA; compatibilityVersion = "Xcode 14.0"; developmentRegion = zh_Hans; hasScannedForEncodings = 0; knownRegions = (en, Base, zh_Hans); mainGroup = AD936FCBED631FA67E05C3EA; productRefGroup = 0A3E27B8CA818264D75C8D81; projectDirPath = ""; projectRoot = ""; targets = (34A04005BCAF206EEC990BD9,); };
}; rootObject = 244210E48437B6556980A702; }
